
Microsoft Visual Studio Solution File, Format Version 12.00
# Visual Studio Version 16
VisualStudioVersion = 16.0.29326.143
MinimumVisualStudioVersion = 10.0.40219.1
Project("{9A19103F-16F7-4668-BE54-9A1E7A4F7556}") = "Web", "web\Web.csproj", "{697C37A3-1E98-4CB9-8AE8-AFA8FE7186D8}"
EndProject
Project("{9A19103F-16F7-4668-BE54-9A1E7A4F7556}") = "Infraestructura", "Infraestructura\Infraestructura.csproj", "{A3A0B52C-1365-4BE2-BB9B-BB0E3928D197}"
EndProject
Project("{9A19103F-16F7-4668-BE54-9A1E7A4F7556}") = "Infraestructura.Impl", "Infraestructura.Impl\Infraestructura.Impl.csproj", "{FBE56730-6824-4045-B333-AD9A377C5CCC}"
EndProject
Project("{9A19103F-16F7-4668-BE54-9A1E7A4F7556}") = "Base.Test", "Base.Test\Base.Test.csproj", "{CFB4D925-7B43-41C3-9DE7-04A5E0C2B8FB}"
EndProject
Project("{9A19103F-16F7-4668-BE54-9A1E7A4F7556}") = "Infraestructura.Test", "Infraestructura.Test\Infraestructura.Test.csproj", "{53E35CB0-EB04-4703-B637-CABA0D62C3E4}"
EndProject
Project("{9A19103F-16F7-4668-BE54-9A1E7A4F7556}") = "InyeccionDependencias", "InyeccionDependencias\InyeccionDependencias.csproj", "{664BE42C-0441-4F66-B43C-E7DD4D86E5F3}"
EndProject
Project("{9A19103F-16F7-4668-BE54-9A1E7A4F7556}") = "Servicios", "Servicios\Servicios.csproj", "{3B416FB8-7E5E-4559-83FE-A72A95DB7DE5}"
EndProject
Project("{9A19103F-16F7-4668-BE54-9A1E7A4F7556}") = "Servicios.Impl", "Servicios.Impl\Servicios.Impl.csproj", "{5B5F5A06-7B78-4889-9781-920F228412C9}"
EndProject
Project("{9A19103F-16F7-4668-BE54-9A1E7A4F7556}") = "Servicios.Test", "Servicios.Test\Servicios.Test.csproj", "{F2801F63-15DF-4C27-A7AC-FC613285596C}"
EndProject
Project("{9A19103F-16F7-4668-BE54-9A1E7A4F7556}") = "Entidades", "Entidades\Entidades.csproj", "{8F5CE8C4-0FEC-4CCB-8421-64D8C874FD26}"
EndProject
Global
	GlobalSection(SolutionConfigurationPlatforms) = preSolution
		Debug|Any CPU = Debug|Any CPU
		Debug|x64 = Debug|x64
		Release|Any CPU = Release|Any CPU
		Release|x64 = Release|x64
	EndGlobalSection
	GlobalSection(ProjectConfigurationPlatforms) = postSolution
		{697C37A3-1E98-4CB9-8AE8-AFA8FE7186D8}.Debug|Any CPU.ActiveCfg = Debug|Any CPU
		{697C37A3-1E98-4CB9-8AE8-AFA8FE7186D8}.Debug|Any CPU.Build.0 = Debug|Any CPU
		{697C37A3-1E98-4CB9-8AE8-AFA8FE7186D8}.Debug|x64.ActiveCfg = Debug|x64
		{697C37A3-1E98-4CB9-8AE8-AFA8FE7186D8}.Debug|x64.Build.0 = Debug|x64
		{697C37A3-1E98-4CB9-8AE8-AFA8FE7186D8}.Release|Any CPU.ActiveCfg = Release|Any CPU
		{697C37A3-1E98-4CB9-8AE8-AFA8FE7186D8}.Release|Any CPU.Build.0 = Release|Any CPU
		{697C37A3-1E98-4CB9-8AE8-AFA8FE7186D8}.Release|x64.ActiveCfg = Release|x64
		{697C37A3-1E98-4CB9-8AE8-AFA8FE7186D8}.Release|x64.Build.0 = Release|x64
		{A3A0B52C-1365-4BE2-BB9B-BB0E3928D197}.Debug|Any CPU.ActiveCfg = Debug|Any CPU
		{A3A0B52C-1365-4BE2-BB9B-BB0E3928D197}.Debug|Any CPU.Build.0 = Debug|Any CPU
		{A3A0B52C-1365-4BE2-BB9B-BB0E3928D197}.Debug|x64.ActiveCfg = Debug|Any CPU
		{A3A0B52C-1365-4BE2-BB9B-BB0E3928D197}.Debug|x64.Build.0 = Debug|Any CPU
		{A3A0B52C-1365-4BE2-BB9B-BB0E3928D197}.Release|Any CPU.ActiveCfg = Release|Any CPU
		{A3A0B52C-1365-4BE2-BB9B-BB0E3928D197}.Release|Any CPU.Build.0 = Release|Any CPU
		{A3A0B52C-1365-4BE2-BB9B-BB0E3928D197}.Release|x64.ActiveCfg = Release|Any CPU
		{A3A0B52C-1365-4BE2-BB9B-BB0E3928D197}.Release|x64.Build.0 = Release|Any CPU
		{FBE56730-6824-4045-B333-AD9A377C5CCC}.Debug|Any CPU.ActiveCfg = Debug|Any CPU
		{FBE56730-6824-4045-B333-AD9A377C5CCC}.Debug|Any CPU.Build.0 = Debug|Any CPU
		{FBE56730-6824-4045-B333-AD9A377C5CCC}.Debug|x64.ActiveCfg = Debug|Any CPU
		{FBE56730-6824-4045-B333-AD9A377C5CCC}.Debug|x64.Build.0 = Debug|Any CPU
		{FBE56730-6824-4045-B333-AD9A377C5CCC}.Release|Any CPU.ActiveCfg = Release|Any CPU
		{FBE56730-6824-4045-B333-AD9A377C5CCC}.Release|Any CPU.Build.0 = Release|Any CPU
		{FBE56730-6824-4045-B333-AD9A377C5CCC}.Release|x64.ActiveCfg = Release|Any CPU
		{FBE56730-6824-4045-B333-AD9A377C5CCC}.Release|x64.Build.0 = Release|Any CPU
		{CFB4D925-7B43-41C3-9DE7-04A5E0C2B8FB}.Debug|Any CPU.ActiveCfg = Debug|Any CPU
		{CFB4D925-7B43-41C3-9DE7-04A5E0C2B8FB}.Debug|Any CPU.Build.0 = Debug|Any CPU
		{CFB4D925-7B43-41C3-9DE7-04A5E0C2B8FB}.Debug|x64.ActiveCfg = Debug|Any CPU
		{CFB4D925-7B43-41C3-9DE7-04A5E0C2B8FB}.Debug|x64.Build.0 = Debug|Any CPU
		{CFB4D925-7B43-41C3-9DE7-04A5E0C2B8FB}.Release|Any CPU.ActiveCfg = Release|Any CPU
		{CFB4D925-7B43-41C3-9DE7-04A5E0C2B8FB}.Release|Any CPU.Build.0 = Release|Any CPU
		{CFB4D925-7B43-41C3-9DE7-04A5E0C2B8FB}.Release|x64.ActiveCfg = Release|Any CPU
		{CFB4D925-7B43-41C3-9DE7-04A5E0C2B8FB}.Release|x64.Build.0 = Release|Any CPU
		{53E35CB0-EB04-4703-B637-CABA0D62C3E4}.Debug|Any CPU.ActiveCfg = Debug|Any CPU
		{53E35CB0-EB04-4703-B637-CABA0D62C3E4}.Debug|Any CPU.Build.0 = Debug|Any CPU
		{53E35CB0-EB04-4703-B637-CABA0D62C3E4}.Debug|x64.ActiveCfg = Debug|Any CPU
		{53E35CB0-EB04-4703-B637-CABA0D62C3E4}.Debug|x64.Build.0 = Debug|Any CPU
		{53E35CB0-EB04-4703-B637-CABA0D62C3E4}.Release|Any CPU.ActiveCfg = Release|Any CPU
		{53E35CB0-EB04-4703-B637-CABA0D62C3E4}.Release|Any CPU.Build.0 = Release|Any CPU
		{53E35CB0-EB04-4703-B637-CABA0D62C3E4}.Release|x64.ActiveCfg = Release|Any CPU
		{53E35CB0-EB04-4703-B637-CABA0D62C3E4}.Release|x64.Build.0 = Release|Any CPU
		{664BE42C-0441-4F66-B43C-E7DD4D86E5F3}.Debug|Any CPU.ActiveCfg = Debug|Any CPU
		{664BE42C-0441-4F66-B43C-E7DD4D86E5F3}.Debug|Any CPU.Build.0 = Debug|Any CPU
		{664BE42C-0441-4F66-B43C-E7DD4D86E5F3}.Debug|x64.ActiveCfg = Debug|Any CPU
		{664BE42C-0441-4F66-B43C-E7DD4D86E5F3}.Debug|x64.Build.0 = Debug|Any CPU
		{664BE42C-0441-4F66-B43C-E7DD4D86E5F3}.Release|Any CPU.ActiveCfg = Release|Any CPU
		{664BE42C-0441-4F66-B43C-E7DD4D86E5F3}.Release|Any CPU.Build.0 = Release|Any CPU
		{664BE42C-0441-4F66-B43C-E7DD4D86E5F3}.Release|x64.ActiveCfg = Release|Any CPU
		{664BE42C-0441-4F66-B43C-E7DD4D86E5F3}.Release|x64.Build.0 = Release|Any CPU
		{3B416FB8-7E5E-4559-83FE-A72A95DB7DE5}.Debug|Any CPU.ActiveCfg = Debug|Any CPU
		{3B416FB8-7E5E-4559-83FE-A72A95DB7DE5}.Debug|Any CPU.Build.0 = Debug|Any CPU
		{3B416FB8-7E5E-4559-83FE-A72A95DB7DE5}.Debug|x64.ActiveCfg = Debug|Any CPU
		{3B416FB8-7E5E-4559-83FE-A72A95DB7DE5}.Debug|x64.Build.0 = Debug|Any CPU
		{3B416FB8-7E5E-4559-83FE-A72A95DB7DE5}.Release|Any CPU.ActiveCfg = Release|Any CPU
		{3B416FB8-7E5E-4559-83FE-A72A95DB7DE5}.Release|Any CPU.Build.0 = Release|Any CPU
		{3B416FB8-7E5E-4559-83FE-A72A95DB7DE5}.Release|x64.ActiveCfg = Release|Any CPU
		{3B416FB8-7E5E-4559-83FE-A72A95DB7DE5}.Release|x64.Build.0 = Release|Any CPU
		{5B5F5A06-7B78-4889-9781-920F228412C9}.Debug|Any CPU.ActiveCfg = Debug|Any CPU
		{5B5F5A06-7B78-4889-9781-920F228412C9}.Debug|Any CPU.Build.0 = Debug|Any CPU
		{5B5F5A06-7B78-4889-9781-920F228412C9}.Debug|x64.ActiveCfg = Debug|Any CPU
		{5B5F5A06-7B78-4889-9781-920F228412C9}.Debug|x64.Build.0 = Debug|Any CPU
		{5B5F5A06-7B78-4889-9781-920F228412C9}.Release|Any CPU.ActiveCfg = Release|Any CPU
		{5B5F5A06-7B78-4889-9781-920F228412C9}.Release|Any CPU.Build.0 = Release|Any CPU
		{5B5F5A06-7B78-4889-9781-920F228412C9}.Release|x64.ActiveCfg = Release|Any CPU
		{5B5F5A06-7B78-4889-9781-920F228412C9}.Release|x64.Build.0 = Release|Any CPU
		{F2801F63-15DF-4C27-A7AC-FC613285596C}.Debug|Any CPU.ActiveCfg = Debug|Any CPU
		{F2801F63-15DF-4C27-A7AC-FC613285596C}.Debug|Any CPU.Build.0 = Debug|Any CPU
		{F2801F63-15DF-4C27-A7AC-FC613285596C}.Debug|x64.ActiveCfg = Debug|Any CPU
		{F2801F63-15DF-4C27-A7AC-FC613285596C}.Debug|x64.Build.0 = Debug|Any CPU
		{F2801F63-15DF-4C27-A7AC-FC613285596C}.Release|Any CPU.ActiveCfg = Release|Any CPU
		{F2801F63-15DF-4C27-A7AC-FC613285596C}.Release|Any CPU.Build.0 = Release|Any CPU
		{F2801F63-15DF-4C27-A7AC-FC613285596C}.Release|x64.ActiveCfg = Release|Any CPU
		{F2801F63-15DF-4C27-A7AC-FC613285596C}.Release|x64.Build.0 = Release|Any CPU
		{8F5CE8C4-0FEC-4CCB-8421-64D8C874FD26}.Debug|Any CPU.ActiveCfg = Debug|Any CPU
		{8F5CE8C4-0FEC-4CCB-8421-64D8C874FD26}.Debug|Any CPU.Build.0 = Debug|Any CPU
		{8F5CE8C4-0FEC-4CCB-8421-64D8C874FD26}.Debug|x64.ActiveCfg = Debug|Any CPU
		{8F5CE8C4-0FEC-4CCB-8421-64D8C874FD26}.Debug|x64.Build.0 = Debug|Any CPU
		{8F5CE8C4-0FEC-4CCB-8421-64D8C874FD26}.Release|Any CPU.ActiveCfg = Release|Any CPU
		{8F5CE8C4-0FEC-4CCB-8421-64D8C874FD26}.Release|Any CPU.Build.0 = Release|Any CPU
		{8F5CE8C4-0FEC-4CCB-8421-64D8C874FD26}.Release|x64.ActiveCfg = Release|Any CPU
		{8F5CE8C4-0FEC-4CCB-8421-64D8C874FD26}.Release|x64.Build.0 = Release|Any CPU
	EndGlobalSection
	GlobalSection(SolutionProperties) = preSolution
		HideSolutionNode = FALSE
	EndGlobalSection
	GlobalSection(ExtensibilityGlobals) = postSolution
		SolutionGuid = {D0220030-2737-42E3-9F74-D02F4E2F5B3A}
	EndGlobalSection
EndGlobal
